{
  "name": "novels-npm-dependencies",
  "requires": true,
  "lockfileVersion": 1,
  "dependencies": {
    "awesomplete": {
      "version": "1.1.3",
      "resolved": "https://registry.npmjs.org/awesomplete/-/awesomplete-1.1.3.tgz",
      "integrity": "sha512-QU5vh75Q6CtK59aQd3fuoGMWExFCpiowGFpIOBF8dUSX5jfu/WfHoyESObBaXBSn2x1N9qLbYOtvWG1Ds1vBbg=="
    },
    "bootstrap": {
      "version": "4.1.3",
      "resolved": "https://registry.npmjs.org/bootstrap/-/bootstrap-4.1.3.tgz",
      "integrity": "sha512-rDFIzgXcof0jDyjNosjv4Sno77X4KuPeFxG2XZZv1/Kc8DRVGVADdoQyyOVDwPqL36DDmtCQbrpMCqvpPLJQ0w=="
    },
    "bootswatch": {
      "version": "4.1.3",
      "resolved": "https://registry.npmjs.org/bootswatch/-/bootswatch-4.1.3.tgz",
      "integrity": "sha1-MONyOxn6iVaM/83JyJQ7RponRek="
    },
    "font-awesome": {
      "version": "4.7.0",
      "resolved": "https://registry.npmjs.org/font-awesome/-/font-awesome-4.7.0.tgz",
      "integrity": "sha1-j6jPBBGhoxr9B7BtKQK7n8gVoTM="
    },
    "intercooler": {
      "version": "1.2.1",
      "resolved": "https://registry.npmjs.org/intercooler/-/intercooler-1.2.1.tgz",
      "integrity": "sha512-2/UV4RTZltP8tlV16fqu94aum4zO3uTbDcv843qjGInd+Lf2Pfm2gs2gIlCx5fYo6yUSz9cEwqc3r/+SddugMg=="
    },
    "jquery": {
      "version": "3.3.1",
      "resolved": "https://registry.npmjs.org/jquery/-/jquery-3.3.1.tgz",
      "integrity": "sha512-Ubldcmxp5np52/ENotGxlLe6aGMvmF4R8S6tZjsP6Knsaxd/xp3Zrh50cG93lR6nPXyUFwzN3ZSOQI0wRJNdGg=="
    },
    "popper.js": {
      "version": "1.14.6",
      "resolved": "https://registry.npmjs.org/popper.js/-/popper.js-1.14.6.tgz",
      "integrity": "sha512-AGwHGQBKumlk/MDfrSOf0JHhJCImdDMcGNoqKmKkU+68GFazv3CQ6q9r7Ja1sKDZmYWTckY/uLyEznheTDycnA=="
    }
  }
}
